
Microsoft Visual Studio Solution File, Format Version 12.00
# Visual Studio Version 17
VisualStudioVersion = 17.3.32611.2
MinimumVisualStudioVersion = 10.0.40219.1
Project("{FAE04EC0-301F-11D3-BF4B-00C04F79EFBC}") = "GrpcAuthCardService", "GrpcAuthCardService\GrpcAuthCardService.csproj", "{6906BDF2-2449-4203-89A0-DEDDA76CEF98}"
EndProject
Project("{FAE04EC0-301F-11D3-BF4B-00C04F79EFBC}") = "Client", "Client\Client.csproj", "{E467FFEA-6828-43FB-9112-E0A255DECFA6}"
EndProject
Global
	GlobalSection(SolutionConfigurationPlatforms) = preSolution
		Debug|Any CPU = Debug|Any CPU
		Release|Any CPU = Release|Any CPU
	EndGlobalSection
	GlobalSection(ProjectConfigurationPlatforms) = postSolution
		{6906BDF2-2449-4203-89A0-DEDDA76CEF98}.Debug|Any CPU.ActiveCfg = Debug|Any CPU
		{6906BDF2-2449-4203-89A0-DEDDA76CEF98}.Debug|Any CPU.Build.0 = Debug|Any CPU
		{6906BDF2-2449-4203-89A0-DEDDA76CEF98}.Release|Any CPU.ActiveCfg = Release|Any CPU
		{6906BDF2-2449-4203-89A0-DEDDA76CEF98}.Release|Any CPU.Build.0 = Release|Any CPU
		{E467FFEA-6828-43FB-9112-E0A255DECFA6}.Debug|Any CPU.ActiveCfg = Debug|Any CPU
		{E467FFEA-6828-43FB-9112-E0A255DECFA6}.Debug|Any CPU.Build.0 = Debug|Any CPU
		{E467FFEA-6828-43FB-9112-E0A255DECFA6}.Release|Any CPU.ActiveCfg = Release|Any CPU
		{E467FFEA-6828-43FB-9112-E0A255DECFA6}.Release|Any CPU.Build.0 = Release|Any CPU
	EndGlobalSection
	GlobalSection(SolutionProperties) = preSolution
		HideSolutionNode = FALSE
	EndGlobalSection
	GlobalSection(ExtensibilityGlobals) = postSolution
		SolutionGuid = {8BDA7AE7-C1B3-42EE-BA01-095A88496B92}
	EndGlobalSection
EndGlobal
